// !$*UTF8*$!
{
	archiveVersion = 1;
	classes = {
	};
	objectVersion = 46;
	objects = {

/* Begin PBXBuildFile section */
		2AD1F2ED15E632BB00234095 /* UIKit.framework in Frameworks */ = {isa = PBXBuildFile; fileRef = 2AD1F2EC15E632BB00234095 /* UIKit.framework */; };
		2AD1F2EF15E632BB00234095 /* Foundation.framework in Frameworks */ = {isa = PBXBuildFile; fileRef = 2AD1F2EE15E632BB00234095 /* Foundation.framework */; };
		2AD1F2F115E632BB00234095 /* CoreGraphics.framework in Frameworks */ = {isa = PBXBuildFile; fileRef = 2AD1F2F015E632BB00234095 /* CoreGraphics.framework */; };
		2AD1F2F715E632BB00234095 /* InfoPlist.strings in Resources */ = {isa = PBXBuildFile; fileRef = 2AD1F2F515E632BB00234095 /* InfoPlist.strings */; };
		2AD1F2F915E632BB00234095 /* main.m in Sources */ = {isa = PBXBuildFile; fileRef = 2AD1F2F815E632BB00234095 /* main.m */; };
		2AD1F2FD15E632BB00234095 /* FBCDAppDelegate.m in Sources */ = {isa = PBXBuildFile; fileRef = 2AD1F2FC15E632BB00234095 /* FBCDAppDelegate.m */; };
		2AD1F30015E632BB00234095 /* FBCDViewController.m in Sources */ = {isa = PBXBuildFile; fileRef = 2AD1F2FF15E632BB00234095 /* FBCDViewController.m */; };
		2AD1F30315E632BB00234095 /* FBCDViewController.xib in Resources */ = {isa = PBXBuildFile; fileRef = 2AD1F30115E632BB00234095 /* FBCDViewController.xib */; };
/* End PBXBuildFile section */

/* Begin PBXFileReference section */
		2AD1F2E815E632BB00234095 /* iSpeachDemo.app */ = {isa = PBXFileReference; explicitFileType = wrapper.application; includeInIndex = 0; path = iSpeachDemo.app; sourceTree = BUILT_PRODUCTS_DIR; };
		2AD1F2EC15E632BB00234095 /* UIKit.framework */ = {isa = PBXFileReference; lastKnownFileType = wrapper.framework; name = UIKit.framework; path = System/Library/Frameworks/UIKit.framework; sourceTree = SDKROOT; };
		2AD1F2EE15E632BB00234095 /* Foundation.framework */ = {isa = PBXFileReference; lastKnownFileType = wrapper.framework; name = Foundation.framework; path = System/Library/Frameworks/Foundation.framework; sourceTree = SDKROOT; };
		2AD1F2F015E632BB00234095 /* CoreGraphics.framework */ = {isa = PBXFileReference; lastKnownFileType = wrapper.framework; name = CoreGraphics.framework; path = System/Library/Frameworks/CoreGraphics.framework; sourceTree = SDKROOT; };
		2AD1F2F415E632BB00234095 /* iSpeachDemo-Info.plist */ = {isa = PBXFileReference; path = "iSpeachDemo-Info.plist"; sourceTree = "<group>"; };
		2AD1F2F615E632BB00234095 /* en */ = {isa = PBXFileReference; lastKnownFileType = text.plist.strings; name = en; path = en.lproj/InfoPlist.strings; sourceTree = "<group>"; };
		2AD1F2F815E632BB00234095 /* main.m */ = {isa = PBXFileReference; lastKnownFileType = sourcecode.c.objc; path = main.m; sourceTree = "<group>"; };
		2AD1F2FA15E632BB00234095 /* iSpeachDemo-Prefix.pch */ = {isa = PBXFileReference; path = "iSpeachDemo-Prefix.pch"; sourceTree = "<group>"; };
		2AD1F2FB15E632BB00234095 /* FBCDAppDelegate.h */ = {isa = PBXFileReference; path = FBCDAppDelegate.h; sourceTree = "<group>"; };
		2AD1F2FC15E632BB00234095 /* FBCDAppDelegate.m */ = {isa = PBXFileReference; lastKnownFileType = sourcecode.c.objc; path = FBCDAppDelegate.m; sourceTree = "<group>"; };
		2AD1F2FE15E632BB00234095 /* FBCDViewController.h */ = {isa = PBXFileReference; path = FBCDViewController.h; sourceTree = "<group>"; };
		2AD1F2FF15E632BB00234095 /* FBCDViewController.m */ = {isa = PBXFileReference; lastKnownFileType = sourcecode.c.objc; path = FBCDViewController.m; sourceTree = "<group>"; };
		2AD1F30215E632BB00234095 /* en */ = {isa = PBXFileReference; lastKnownFileType = file.xib; name = en; path = en.lproj/FBCDViewController.xib; sourceTree = "<group>"; };
/* End PBXFileReference section */

/* Begin PBXFrameworksBuildPhase section */
		2AD1F2E515E632BB00234095 /* Frameworks */ = {
			isa = PBXFrameworksBuildPhase;
			buildActionMask = 2147483647;
			files = (
				2AD1F2ED15E632BB00234095 /* UIKit.framework in Frameworks */,
				2AD1F2EF15E632BB00234095 /* Foundation.framework in Frameworks */,
				2AD1F2F115E632BB00234095 /* CoreGraphics.framework in Frameworks */,
			);
			runOnlyForDeploymentPostprocessing = 0;
		};
/* End PBXFrameworksBuildPhase section */

/* Begin PBXGroup section */
		2AD1F2DD15E632BA00234095 = {
			isa = PBXGroup;
			children = (
				2AD1F2F215E632BB00234095 /* iSpeachDemo */,
				2AD1F2EB15E632BB00234095 /* Frameworks */,
				2AD1F2E915E632BB00234095 /* Products */,
			);
			sourceTree = "<group>";
		};
		2AD1F2E915E632BB00234095 /* Products */ = {
			isa = PBXGroup;
			children = (
				2AD1F2E815E632BB00234095 /* iSpeachDemo.app */,
			);
			name = Products;
			sourceTree = "<group>";
		};
		2AD1F2EB15E632BB00234095 /* Frameworks */ = {
			isa = PBXGroup;
			children = (
				2AD1F2EC15E632BB00234095 /* UIKit.framework */,
				2AD1F2EE15E632BB00234095 /* Foundation.framework */,
				2AD1F2F015E632BB00234095 /* CoreGraphics.framework */,
			);
			name = Frameworks;
			sourceTree = "<group>";
		};
		2AD1F2F215E632BB00234095 /* iSpeachDemo */ = {
			isa = PBXGroup;
			children = (
				2AD1F2FB15E632BB00234095 /* FBCDAppDelegate.h */,
				2AD1F2FC15E632BB00234095 /* FBCDAppDelegate.m */,
				2AD1F2FE15E632BB00234095 /* FBCDViewController.h */,
				2AD1F2FF15E632BB00234095 /* FBCDViewController.m */,
				2AD1F30115E632BB00234095 /* FBCDViewController.xib */,
				2AD1F2F315E632BB00234095 /* Supporting Files */,
			);
			path = iSpeachDemo;
			sourceTree = "<group>";
		};
		2AD1F2F315E632BB00234095 /* Supporting Files */ = {
			isa = PBXGroup;
			children = (
				2AD1F2F415E632BB00234095 /* iSpeachDemo-Info.plist */,
				2AD1F2F515E632BB00234095 /* InfoPlist.strings */,
				2AD1F2F815E632BB00234095 /* main.m */,
				2AD1F2FA15E632BB00234095 /* iSpeachDemo-Prefix.pch */,
			);
			name = "Supporting Files";
			sourceTree = "<group>";
		};
/* End PBXGroup section */

/* Begin PBXNativeTarget section */
		2AD1F2E715E632BB00234095 /* iSpeachDemo */ = {
			isa = PBXNativeTarget;
			buildConfigurationList = 2AD1F30615E632BB00234095 /* Build configuration list for PBXNativeTarget "iSpeachDemo" */;
			buildPhases = (
				2AD1F2E415E632BB00234095 /* Sources */,
				2AD1F2E515E632BB00234095 /* Frameworks */,
				2AD1F2E615E632BB00234095 /* Resources */,
			);
			buildRules = (
			);
			dependencies = (
			);
			name = iSpeachDemo;
			productName = iSpeachDemo;
			productReference = 2AD1F2E815E632BB00234095 /* iSpeachDemo.app */;
			productType = "com.apple.product-type.application";
		};
/* End PBXNativeTarget section */

/* Begin PBXProject section */
		2AD1F2DF15E632BA00234095 /* Project object */ = {
			isa = PBXProject;
			attributes = {
				LastUpgradeCheck = 0420;
			};
			buildConfigurationList = 2AD1F2E215E632BA00234095 /* Build configuration list for PBXProject "iSpeachDemo" */;
			compatibilityVersion = "Xcode 3.2";
			developmentRegion = English;
			hasScannedForEncodings = 0;
			knownRegions = (
				en,
			);
			mainGroup = 2AD1F2DD15E632BA00234095;
			productRefGroup = 2AD1F2E915E632BB00234095 /* Products */;
			projectDirPath = "";
			projectRoot = "";
			targets = (
				2AD1F2E715E632BB00234095 /* iSpeachDemo */,
			);
		};
/* End PBXProject section */

/* Begin PBXResourcesBuildPhase section */
		2AD1F2E615E632BB00234095 /* Resources */ = {
			isa = PBXResourcesBuildPhase;
			buildActionMask = 2147483647;
			files = (
				2AD1F2F715E632BB00234095 /* InfoPlist.strings in Resources */,
				2AD1F30315E632BB00234095 /* FBCDViewController.xib in Resources */,
			);
			runOnlyForDeploymentPostprocessing = 0;
		};
/* End PBXResourcesBuildPhase section */

/* Begin PBXSourcesBuildPhase section */
		2AD1F2E415E632BB00234095 /* Sources */ = {
			isa = PBXSourcesBuildPhase;
			buildActionMask = 2147483647;
			files = (
				2AD1F2F915E632BB00234095 /* main.m in Sources */,
				2AD1F2FD15E632BB00234095 /* FBCDAppDelegate.m in Sources */,
				2AD1F30015E632BB00234095 /* FBCDViewController.m in Sources */,
			);
			runOnlyForDeploymentPostprocessing = 0;
		};
/* End PBXSourcesBuildPhase section */

/* Begin PBXVariantGroup section */
		2AD1F2F515E632BB00234095 /* InfoPlist.strings */ = {
			isa = PBXVariantGroup;
			children = (
				2AD1F2F615E632BB00234095 /* en */,
			);
			name = InfoPlist.strings;
			sourceTree = "<group>";
		};
		2AD1F30115E632BB00234095 /* FBCDViewController.xib */ = {
			isa = PBXVariantGroup;
			children = (
				2AD1F30215E632BB00234095 /* en */,
			);
			name = FBCDViewController.xib;
			sourceTree = "<group>";
		};
/* End PBXVariantGroup section */

/* Begin XCBuildConfiguration section */
		2AD1F30415E632BB00234095 /* Debug */ = {
			isa = XCBuildConfiguration;
			buildSettings = {
				ALWAYS_SEARCH_USER_PATHS = NO;
				ARCHS = "$(ARCHS_STANDARD_32_BIT)";
				"CODE_SIGN_IDENTITY[sdk=iphoneos*]" = "iPhone Developer";
				COPY_PHASE_STRIP = NO;
				GCC_C_LANGUAGE_STANDARD = gnu99;
				GCC_DYNAMIC_NO_PIC = NO;
				GCC_OPTIMIZATION_LEVEL = 0;
				GCC_PREPROCESSOR_DEFINITIONS = (
					"DEBUG=1",
					"$(inherited)",
				);
				GCC_SYMBOLS_PRIVATE_EXTERN = NO;
				GCC_VERSION = com.apple.compilers.llvm.clang.1_0;
				GCC_WARN_ABOUT_MISSING_PROTOTYPES = YES;
				GCC_WARN_ABOUT_RETURN_TYPE = YES;
				GCC_WARN_UNUSED_VARIABLE = YES;
				IPHONEOS_DEPLOYMENT_TARGET = 5.0;
				SDKROOT = iphoneos;
			};
			name = Debug;
		};
		2AD1F30515E632BB00234095 /* Release */ = {
			isa = XCBuildConfiguration;
			buildSettings = {
				ALWAYS_SEARCH_USER_PATHS = NO;
				ARCHS = "$(ARCHS_STANDARD_32_BIT)";
				"CODE_SIGN_IDENTITY[sdk=iphoneos*]" = "iPhone Developer";
				COPY_PHASE_STRIP = YES;
				GCC_C_LANGUAGE_STANDARD = gnu99;
				GCC_VERSION = com.apple.compilers.llvm.clang.1_0;
				GCC_WARN_ABOUT_MISSING_PROTOTYPES = YES;
				GCC_WARN_ABOUT_RETURN_TYPE = YES;
				GCC_WARN_UNUSED_VARIABLE = YES;
				IPHONEOS_DEPLOYMENT_TARGET = 5.0;
				OTHER_CFLAGS = "-DNS_BLOCK_ASSERTIONS=1";
				SDKROOT = iphoneos;
				VALIDATE_PRODUCT = YES;
			};
			name = Release;
		};
		2AD1F30715E632BB00234095 /* Debug */ = {
			isa = XCBuildConfiguration;
			buildSettings = {
				GCC_PRECOMPILE_PREFIX_HEADER = YES;
				GCC_PREFIX_HEADER = "iSpeachDemo/iSpeachDemo-Prefix.pch";
				INFOPLIST_FILE = "iSpeachDemo/iSpeachDemo-Info.plist";
				PRODUCT_NAME = "$(TARGET_NAME)";
				WRAPPER_EXTENSION = app;
			};
			name = Debug;
		};
		2AD1F30815E632BB00234095 /* Release */ = {
			isa = XCBuildConfiguration;
			buildSettings = {
				GCC_PRECOMPILE_PREFIX_HEADER = YES;
				GCC_PREFIX_HEADER = "iSpeachDemo/iSpeachDemo-Prefix.pch";
				INFOPLIST_FILE = "iSpeachDemo/iSpeachDemo-Info.plist";
				PRODUCT_NAME = "$(TARGET_NAME)";
				WRAPPER_EXTENSION = app;
			};
			name = Release;
		};
/* End XCBuildConfiguration section */

/* Begin XCConfigurationList section */
		2AD1F2E215E632BA00234095 /* Build configuration list for PBXProject "iSpeachDemo" */ = {
			isa = XCConfigurationList;
			buildConfigurations = (
				2AD1F30415E632BB00234095 /* Debug */,
				2AD1F30515E632BB00234095 /* Release */,
			);
			defaultConfigurationIsVisible = 0;
			defaultConfigurationName = Release;
		};
		2AD1F30615E632BB00234095 /* Build configuration list for PBXNativeTarget "iSpeachDemo" */ = {
			isa = XCConfigurationList;
			buildConfigurations = (
				2AD1F30715E632BB00234095 /* Debug */,
				2AD1F30815E632BB00234095 /* Release */,
			);
			defaultConfigurationIsVisible = 0;
		};
/* End XCConfigurationList section */
	};
	rootObject = 2AD1F2DF15E632BA00234095 /* Project object */;
}
